
Microsoft Visual Studio Solution File, Format Version 12.00
# Visual Studio Version 17
VisualStudioVersion = 17.4.33205.214
MinimumVisualStudioVersion = 10.0.40219.1
Project("{FAE04EC0-301F-11D3-BF4B-00C04F79EFBC}") = "AdsAuth.Web", "AdsAuth.Web\AdsAuth.Web.csproj", "{C8C6ED05-B14D-4DC3-81B6-C016BD429C2D}"
EndProject
Project("{FAE04EC0-301F-11D3-BF4B-00C04F79EFBC}") = "AdsAuth.Data", "AdsAuth.Data\AdsAuth.Data.csproj", "{4478EB21-DC4A-4EE6-8001-FDF079DA6163}"
EndProject
Global
	GlobalSection(SolutionConfigurationPlatforms) = preSolution
		Debug|Any CPU = Debug|Any CPU
		Release|Any CPU = Release|Any CPU
	EndGlobalSection
	GlobalSection(ProjectConfigurationPlatforms) = postSolution
		{C8C6ED05-B14D-4DC3-81B6-C016BD429C2D}.Debug|Any CPU.ActiveCfg = Debug|Any CPU
		{C8C6ED05-B14D-4DC3-81B6-C016BD429C2D}.Debug|Any CPU.Build.0 = Debug|Any CPU
		{C8C6ED05-B14D-4DC3-81B6-C016BD429C2D}.Release|Any CPU.ActiveCfg = Release|Any CPU
		{C8C6ED05-B14D-4DC3-81B6-C016BD429C2D}.Release|Any CPU.Build.0 = Release|Any CPU
		{4478EB21-DC4A-4EE6-8001-FDF079DA6163}.Debug|Any CPU.ActiveCfg = Debug|Any CPU
		{4478EB21-DC4A-4EE6-8001-FDF079DA6163}.Debug|Any CPU.Build.0 = Debug|Any CPU
		{4478EB21-DC4A-4EE6-8001-FDF079DA6163}.Release|Any CPU.ActiveCfg = Release|Any CPU
		{4478EB21-DC4A-4EE6-8001-FDF079DA6163}.Release|Any CPU.Build.0 = Release|Any CPU
	EndGlobalSection
	GlobalSection(SolutionProperties) = preSolution
		HideSolutionNode = FALSE
	EndGlobalSection
	GlobalSection(ExtensibilityGlobals) = postSolution
		SolutionGuid = {91485295-F78A-4B6B-9193-E45AEEA7BC48}
	EndGlobalSection
EndGlobal
